# This file is autogenerated, do not edit; changes may be undone by the next 'dep ensure'.


[[projects]]
  branch = "master"
  digest = "1:d0dae6df75f51a85bf3cf315b40d97ef9d12fe2d101a6cd194e70b5be22627c9"
  name = "github.com/Shopify/go-lua"
  packages = ["."]
  pruneopts = "UT"
  revision = "48449c60c0a91cdc83cf554aa0931380393b9b02"

[[projects]]
  branch = "master"
  digest = "1:315c5f2f60c76d89b871c73f9bd5fe689cad96597afd50fb9992228ef80bdd34"
  name = "github.com/alecthomas/template"
  packages = [
    ".",
    "parse",
  ]
  pruneopts = "UT"
  revision = "a0175ee3bccc567396460bf5acd36800cb10c49c"

[[projects]]
  branch = "master"
  digest = "1:c198fdc381e898e8fb62b8eb62758195091c313ad18e52a3067366e1dda2fb3c"
  name = "github.com/alecthomas/units"
  packages = ["."]
  pruneopts = "UT"
  revision = "2efee857e7cfd4f3d0138cc3cbb1b4966962b93a"

[[projects]]
  digest = "1:516a88f5cacc8e5fb2b70912c16a2aef885615670c652f22a81644b4a3fdd842"
  name = "github.com/google/open-location-code"
  packages = ["go"]
  pruneopts = "UT"
  revision = "c59f1f3f339c2d89cadfce08b55ec400a454a978"
  version = "1.0.3"

[[projects]]
  digest = "1:a3e7979fea3a98874b050dbf03301e30e332932d094468cec0786da4a82df652"
  name = "github.com/jonas-p/go-shp"
  packages = ["."]
  pruneopts = "UT"
  revision = "215a5781289c857f70b19c2740e65d81de343b50"
  version = "v0.1.1"

[[projects]]
  digest = "1:3e551bbb3a7c0ab2a2bf4660e7fcad16db089fdcfbb44b0199e62838038623ea"
  name = "github.com/json-iterator/go"
  packages = ["."]
  pruneopts = "UT"
  revision = "1624edc4454b8682399def8740d46db5e4362ba4"
  version = "v1.1.5"

[[projects]]
  digest = "1:33422d238f147d247752996a26574ac48dcf472976eda7f5134015f06bf16563"
  name = "github.com/modern-go/concurrent"
  packages = ["."]
  pruneopts = "UT"
  revision = "bacd9c7ef1dd9b15be4a9909b8ac7a4e313eec94"
  version = "1.0.3"

[[projects]]
  digest = "1:e32bdbdb7c377a07a9a46378290059822efdce5c8d96fe71940d87cb4f918855"
  name = "github.com/modern-go/reflect2"
  packages = ["."]
  pruneopts = "UT"
  revision = "4b7aa43c6742a2c18fdef89dd197aaae7dac7ccd"
  version = "1.0.1"

[[projects]]
  digest = "1:e2f940d83c324d151a364c1e5e6efe3be44e16917987be1f08d87ee726f3135a"
  name = "github.com/paulmach/orb"
  packages = [
    ".",
    "geo",
    "internal/length",
    "planar",
    "project",
    "simplify",
  ]
  pruneopts = "UT"
  revision = "c77a26f5d3c0cd178b029fe45ac5e2e82e0f085a"
  version = "v0.1.1"

[[projects]]
  digest = "1:c06d9e11d955af78ac3bbb26bd02e01d2f61f689e1a3bce2ef6fb683ef8a7f2d"
  name = "gopkg.in/alecthomas/kingpin.v2"
  packages = ["."]
  pruneopts = "UT"
  revision = "947dcec5ba9c011838740e680966fd7087a71d0d"
  version = "v2.2.6"

[solve-meta]
  analyzer-name = "dep"
  analyzer-version = 1
  input-imports = [
    "github.com/Shopify/go-lua",
    "github.com/google/open-location-code/go",
    "github.com/jonas-p/go-shp",
    "github.com/json-iterator/go",
    "github.com/paulmach/orb",
    "github.com/paulmach/orb/geo",
    "github.com/paulmach/orb/planar",
    "github.com/paulmach/orb/project",
    "github.com/paulmach/orb/simplify",
    "gopkg.in/alecthomas/kingpin.v2",
  ]
  solver-name = "gps-cdcl"
  solver-version = 1
